// !$*UTF8*$!
{
	archiveVersion = 1;
	classes = {
	};
	objectVersion = 56;
	objects = {

/* Begin PBXBuildFile section */
		1750D0CA2CAEBF0600FD2810 /* FirstView.swift in Sources */ = {isa = PBXBuildFile; fileRef = 1750D0C92CAEBF0600FD2810 /* FirstView.swift */; };
		1750D0D22CAF1F4100FD2810 /* Abel-Regular.ttf in Resources */ = {isa = PBXBuildFile; fileRef = 1750D0D12CAF1F4100FD2810 /* Abel-Regular.ttf */; };
		1750D0D42CAF206F00FD2810 /* TabVieww.swift in Sources */ = {isa = PBXBuildFile; fileRef = 1750D0D32CAF206F00FD2810 /* TabVieww.swift */; };
		1750D0D72CB069E300FD2810 /* GoogleGenerativeAI in Frameworks */ = {isa = PBXBuildFile; productRef = 1750D0D62CB069E300FD2810 /* GoogleGenerativeAI */; };
		1750D0D92CB08B0500FD2810 /* AstroAI.swift in Sources */ = {isa = PBXBuildFile; fileRef = 1750D0D82CB08B0500FD2810 /* AstroAI.swift */; };
		1750D0DB2CB0A9F800FD2810 /* RespostaView.swift in Sources */ = {isa = PBXBuildFile; fileRef = 1750D0DA2CB0A9F800FD2810 /* RespostaView.swift */; };
		1750D0DD2CB5B6BC00FD2810 /* DicasView.swift in Sources */ = {isa = PBXBuildFile; fileRef = 1750D0DC2CB5B6BC00FD2810 /* DicasView.swift */; };
		17BF0BB52C9DE4F700961424 /* PlanetsApp.swift in Sources */ = {isa = PBXBuildFile; fileRef = 17BF0BB42C9DE4F700961424 /* PlanetsApp.swift */; };
		17BF0BB72C9DE4F700961424 /* ContentView.swift in Sources */ = {isa = PBXBuildFile; fileRef = 17BF0BB62C9DE4F700961424 /* ContentView.swift */; };
		17BF0BB92C9DE4F900961424 /* Assets.xcassets in Resources */ = {isa = PBXBuildFile; fileRef = 17BF0BB82C9DE4F900961424 /* Assets.xcassets */; };
		17BF0BBC2C9DE4F900961424 /* Preview Assets.xcassets in Resources */ = {isa = PBXBuildFile; fileRef = 17BF0BBB2C9DE4F900961424 /* Preview Assets.xcassets */; };
		17BF0BC32C9DE50800961424 /* VM.swift in Sources */ = {isa = PBXBuildFile; fileRef = 17BF0BC22C9DE50800961424 /* VM.swift */; };
		17BF0BC92C9DFDED00961424 /* Detalhes.swift in Sources */ = {isa = PBXBuildFile; fileRef = 17BF0BC82C9DFDED00961424 /* Detalhes.swift */; };
		17BF0BCB2C9E264000961424 /* teste.swift in Sources */ = {isa = PBXBuildFile; fileRef = 17BF0BCA2C9E264000961424 /* teste.swift */; };
/* End PBXBuildFile section */

/* Begin PBXFileReference section */
		1750D0C92CAEBF0600FD2810 /* FirstView.swift */ = {isa = PBXFileReference; lastKnownFileType = sourcecode.swift; path = FirstView.swift; sourceTree = "<group>"; };
		1750D0CE2CAF195800FD2810 /* Info.plist */ = {isa = PBXFileReference; lastKnownFileType = text.plist; path = Info.plist; sourceTree = "<group>"; };
		1750D0D12CAF1F4100FD2810 /* Abel-Regular.ttf */ = {isa = PBXFileReference; lastKnownFileType = file; name = "Abel-Regular.ttf"; path = "../../../Downloads/Abel/Abel-Regular.ttf"; sourceTree = "<group>"; };
		1750D0D32CAF206F00FD2810 /* TabVieww.swift */ = {isa = PBXFileReference; lastKnownFileType = sourcecode.swift; path = TabVieww.swift; sourceTree = "<group>"; };
		1750D0D82CB08B0500FD2810 /* AstroAI.swift */ = {isa = PBXFileReference; lastKnownFileType = sourcecode.swift; path = AstroAI.swift; sourceTree = "<group>"; };
		1750D0DA2CB0A9F800FD2810 /* RespostaView.swift */ = {isa = PBXFileReference; lastKnownFileType = sourcecode.swift; path = RespostaView.swift; sourceTree = "<group>"; };
		1750D0DC2CB5B6BC00FD2810 /* DicasView.swift */ = {isa = PBXFileReference; lastKnownFileType = sourcecode.swift; path = DicasView.swift; sourceTree = "<group>"; };
		17BF0BB12C9DE4F700961424 /* Planets.app */ = {isa = PBXFileReference; explicitFileType = wrapper.application; includeInIndex = 0; path = Planets.app; sourceTree = BUILT_PRODUCTS_DIR; };
		17BF0BB42C9DE4F700961424 /* PlanetsApp.swift */ = {isa = PBXFileReference; lastKnownFileType = sourcecode.swift; path = PlanetsApp.swift; sourceTree = "<group>"; };
		17BF0BB62C9DE4F700961424 /* ContentView.swift */ = {isa = PBXFileReference; lastKnownFileType = sourcecode.swift; path = ContentView.swift; sourceTree = "<group>"; };
		17BF0BB82C9DE4F900961424 /* Assets.xcassets */ = {isa = PBXFileReference; lastKnownFileType = folder.assetcatalog; path = Assets.xcassets; sourceTree = "<group>"; };
		17BF0BBB2C9DE4F900961424 /* Preview Assets.xcassets */ = {isa = PBXFileReference; lastKnownFileType = folder.assetcatalog; path = "Preview Assets.xcassets"; sourceTree = "<group>"; };
		17BF0BC22C9DE50800961424 /* VM.swift */ = {isa = PBXFileReference; lastKnownFileType = sourcecode.swift; path = VM.swift; sourceTree = "<group>"; };
		17BF0BC82C9DFDED00961424 /* Detalhes.swift */ = {isa = PBXFileReference; lastKnownFileType = sourcecode.swift; path = Detalhes.swift; sourceTree = "<group>"; };
		17BF0BCA2C9E264000961424 /* teste.swift */ = {isa = PBXFileReference; lastKnownFileType = sourcecode.swift; path = teste.swift; sourceTree = "<group>"; };
/* End PBXFileReference section */

/* Begin PBXFrameworksBuildPhase section */
		17BF0BAE2C9DE4F700961424 /* Frameworks */ = {
			isa = PBXFrameworksBuildPhase;
			buildActionMask = 2147483647;
			files = (
				1750D0D72CB069E300FD2810 /* GoogleGenerativeAI in Frameworks */,
			);
			runOnlyForDeploymentPostprocessing = 0;
		};
/* End PBXFrameworksBuildPhase section */

/* Begin PBXGroup section */
		17BF0BA82C9DE4F700961424 = {
			isa = PBXGroup;
			children = (
				17BF0BB32C9DE4F700961424 /* Planets */,
				17BF0BB22C9DE4F700961424 /* Products */,
			);
			sourceTree = "<group>";
		};
		17BF0BB22C9DE4F700961424 /* Products */ = {
			isa = PBXGroup;
			children = (
				17BF0BB12C9DE4F700961424 /* Planets.app */,
			);
			name = Products;
			sourceTree = "<group>";
		};
		17BF0BB32C9DE4F700961424 /* Planets */ = {
			isa = PBXGroup;
			children = (
				1750D0CE2CAF195800FD2810 /* Info.plist */,
				17BF0BB42C9DE4F700961424 /* PlanetsApp.swift */,
				1750D0D32CAF206F00FD2810 /* TabVieww.swift */,
				1750D0D82CB08B0500FD2810 /* AstroAI.swift */,
				1750D0DA2CB0A9F800FD2810 /* RespostaView.swift */,
				1750D0C92CAEBF0600FD2810 /* FirstView.swift */,
				1750D0DC2CB5B6BC00FD2810 /* DicasView.swift */,
				17BF0BB62C9DE4F700961424 /* ContentView.swift */,
				17BF0BC82C9DFDED00961424 /* Detalhes.swift */,
				17BF0BCA2C9E264000961424 /* teste.swift */,
				17BF0BC22C9DE50800961424 /* VM.swift */,
				1750D0D12CAF1F4100FD2810 /* Abel-Regular.ttf */,
				17BF0BB82C9DE4F900961424 /* Assets.xcassets */,
				17BF0BBA2C9DE4F900961424 /* Preview Content */,
			);
			path = Planets;
			sourceTree = "<group>";
		};
		17BF0BBA2C9DE4F900961424 /* Preview Content */ = {
			isa = PBXGroup;
			children = (
				17BF0BBB2C9DE4F900961424 /* Preview Assets.xcassets */,
			);
			path = "Preview Content";
			sourceTree = "<group>";
		};
/* End PBXGroup section */

/* Begin PBXNativeTarget section */
		17BF0BB02C9DE4F700961424 /* Planets */ = {
			isa = PBXNativeTarget;
			buildConfigurationList = 17BF0BBF2C9DE4F900961424 /* Build configuration list for PBXNativeTarget "Planets" */;
			buildPhases = (
				17BF0BAD2C9DE4F700961424 /* Sources */,
				17BF0BAE2C9DE4F700961424 /* Frameworks */,
				17BF0BAF2C9DE4F700961424 /* Resources */,
			);
			buildRules = (
			);
			dependencies = (
			);
			name = Planets;
			packageProductDependencies = (
				1750D0D62CB069E300FD2810 /* GoogleGenerativeAI */,
			);
			productName = Planets;
			productReference = 17BF0BB12C9DE4F700961424 /* Planets.app */;
			productType = "com.apple.product-type.application";
		};
/* End PBXNativeTarget section */

/* Begin PBXProject section */
		17BF0BA92C9DE4F700961424 /* Project object */ = {
			isa = PBXProject;
			attributes = {
				BuildIndependentTargetsInParallel = 1;
				LastSwiftUpdateCheck = 1540;
				LastUpgradeCheck = 1540;
				TargetAttributes = {
					17BF0BB02C9DE4F700961424 = {
						CreatedOnToolsVersion = 15.4;
					};
				};
			};
			buildConfigurationList = 17BF0BAC2C9DE4F700961424 /* Build configuration list for PBXProject "Planets" */;
			compatibilityVersion = "Xcode 14.0";
			developmentRegion = en;
			hasScannedForEncodings = 0;
			knownRegions = (
				en,
				Base,
			);
			mainGroup = 17BF0BA82C9DE4F700961424;
			packageReferences = (
				1750D0D52CB069E300FD2810 /* XCRemoteSwiftPackageReference "generative-ai-swift" */,
			);
			productRefGroup = 17BF0BB22C9DE4F700961424 /* Products */;
			projectDirPath = "";
			projectRoot = "";
			targets = (
				17BF0BB02C9DE4F700961424 /* Planets */,
			);
		};
/* End PBXProject section */

/* Begin PBXResourcesBuildPhase section */
		17BF0BAF2C9DE4F700961424 /* Resources */ = {
			isa = PBXResourcesBuildPhase;
			buildActionMask = 2147483647;
			files = (
				1750D0D22CAF1F4100FD2810 /* Abel-Regular.ttf in Resources */,
				17BF0BBC2C9DE4F900961424 /* Preview Assets.xcassets in Resources */,
				17BF0BB92C9DE4F900961424 /* Assets.xcassets in Resources */,
			);
			runOnlyForDeploymentPostprocessing = 0;
		};
/* End PBXResourcesBuildPhase section */

/* Begin PBXSourcesBuildPhase section */
		17BF0BAD2C9DE4F700961424 /* Sources */ = {
			isa = PBXSourcesBuildPhase;
			buildActionMask = 2147483647;
			files = (
				17BF0BB72C9DE4F700961424 /* ContentView.swift in Sources */,
				1750D0DD2CB5B6BC00FD2810 /* DicasView.swift in Sources */,
				1750D0CA2CAEBF0600FD2810 /* FirstView.swift in Sources */,
				17BF0BC92C9DFDED00961424 /* Detalhes.swift in Sources */,
				1750D0D92CB08B0500FD2810 /* AstroAI.swift in Sources */,
				17BF0BB52C9DE4F700961424 /* PlanetsApp.swift in Sources */,
				1750D0DB2CB0A9F800FD2810 /* RespostaView.swift in Sources */,
				1750D0D42CAF206F00FD2810 /* TabVieww.swift in Sources */,
				17BF0BC32C9DE50800961424 /* VM.swift in Sources */,
				17BF0BCB2C9E264000961424 /* teste.swift in Sources */,
			);
			runOnlyForDeploymentPostprocessing = 0;
		};
/* End PBXSourcesBuildPhase section */

/* Begin XCBuildConfiguration section */
		17BF0BBD2C9DE4F900961424 /* Debug */ = {
			isa = XCBuildConfiguration;
			buildSettings = {
				ALWAYS_SEARCH_USER_PATHS = NO;
				ASSETCATALOG_COMPILER_GENERATE_SWIFT_ASSET_SYMBOL_EXTENSIONS = YES;
				CLANG_ANALYZER_NONNULL = YES;
				CLANG_ANALYZER_NUMBER_OBJECT_CONVERSION = YES_AGGRESSIVE;
				CLANG_CXX_LANGUAGE_STANDARD = "gnu++20";
				CLANG_ENABLE_MODULES = YES;
				CLANG_ENABLE_OBJC_ARC = YES;
				CLANG_ENABLE_OBJC_WEAK = YES;
				CLANG_WARN_BLOCK_CAPTURE_AUTORELEASING = YES;
				CLANG_WARN_BOOL_CONVERSION = YES;
				CLANG_WARN_COMMA = YES;
				CLANG_WARN_CONSTANT_CONVERSION = YES;
				CLANG_WARN_DEPRECATED_OBJC_IMPLEMENTATIONS = YES;
				CLANG_WARN_DIRECT_OBJC_ISA_USAGE = YES_ERROR;
				CLANG_WARN_DOCUMENTATION_COMMENTS = YES;
				CLANG_WARN_EMPTY_BODY = YES;
				CLANG_WARN_ENUM_CONVERSION = YES;
				CLANG_WARN_INFINITE_RECURSION = YES;
				CLANG_WARN_INT_CONVERSION = YES;
				CLANG_WARN_NON_LITERAL_NULL_CONVERSION = YES;
				CLANG_WARN_OBJC_IMPLICIT_RETAIN_SELF = YES;
				CLANG_WARN_OBJC_LITERAL_CONVERSION = YES;
				CLANG_WARN_OBJC_ROOT_CLASS = YES_ERROR;
				CLANG_WARN_QUOTED_INCLUDE_IN_FRAMEWORK_HEADER = YES;
				CLANG_WARN_RANGE_LOOP_ANALYSIS = YES;
				CLANG_WARN_STRICT_PROTOTYPES = YES;
				CLANG_WARN_SUSPICIOUS_MOVE = YES;
				CLANG_WARN_UNGUARDED_AVAILABILITY = YES_AGGRESSIVE;
				CLANG_WARN_UNREACHABLE_CODE = YES;
				CLANG_WARN__DUPLICATE_METHOD_MATCH = YES;
				COPY_PHASE_STRIP = NO;
				DEBUG_INFORMATION_FORMAT = dwarf;
				ENABLE_STRICT_OBJC_MSGSEND = YES;
				ENABLE_TESTABILITY = YES;
				ENABLE_USER_SCRIPT_SANDBOXING = YES;
				GCC_C_LANGUAGE_STANDARD = gnu17;
				GCC_DYNAMIC_NO_PIC = NO;
				GCC_NO_COMMON_BLOCKS = YES;
				GCC_OPTIMIZATION_LEVEL = 0;
				GCC_PREPROCESSOR_DEFINITIONS = (
					"DEBUG=1",
					"$(inherited)",
				);
				GCC_WARN_64_TO_32_BIT_CONVERSION = YES;
				GCC_WARN_ABOUT_RETURN_TYPE = YES_ERROR;
				GCC_WARN_UNDECLARED_SELECTOR = YES;
				GCC_WARN_UNINITIALIZED_AUTOS = YES_AGGRESSIVE;
				GCC_WARN_UNUSED_FUNCTION = YES;
				GCC_WARN_UNUSED_VARIABLE = YES;
				IPHONEOS_DEPLOYMENT_TARGET = 17.5;
				LOCALIZATION_PREFERS_STRING_CATALOGS = YES;
				MTL_ENABLE_DEBUG_INFO = INCLUDE_SOURCE;
				MTL_FAST_MATH = YES;
				ONLY_ACTIVE_ARCH = YES;
				SDKROOT = iphoneos;
				SWIFT_ACTIVE_COMPILATION_CONDITIONS = "DEBUG $(inherited)";
				SWIFT_OPTIMIZATION_LEVEL = "-Onone";
			};
			name = Debug;
		};
		17BF0BBE2C9DE4F900961424 /* Release */ = {
			isa = XCBuildConfiguration;
			buildSettings = {
				ALWAYS_SEARCH_USER_PATHS = NO;
				ASSETCATALOG_COMPILER_GENERATE_SWIFT_ASSET_SYMBOL_EXTENSIONS = YES;
				CLANG_ANALYZER_NONNULL = YES;
				CLANG_ANALYZER_NUMBER_OBJECT_CONVERSION = YES_AGGRESSIVE;
				CLANG_CXX_LANGUAGE_STANDARD = "gnu++20";
				CLANG_ENABLE_MODULES = YES;
				CLANG_ENABLE_OBJC_ARC = YES;
				CLANG_ENABLE_OBJC_WEAK = YES;
				CLANG_WARN_BLOCK_CAPTURE_AUTORELEASING = YES;
				CLANG_WARN_BOOL_CONVERSION = YES;
				CLANG_WARN_COMMA = YES;
				CLANG_WARN_CONSTANT_CONVERSION = YES;
				CLANG_WARN_DEPRECATED_OBJC_IMPLEMENTATIONS = YES;
				CLANG_WARN_DIRECT_OBJC_ISA_USAGE = YES_ERROR;
				CLANG_WARN_DOCUMENTATION_COMMENTS = YES;
				CLANG_WARN_EMPTY_BODY = YES;
				CLANG_WARN_ENUM_CONVERSION = YES;
				CLANG_WARN_INFINITE_RECURSION = YES;
				CLANG_WARN_INT_CONVERSION = YES;
				CLANG_WARN_NON_LITERAL_NULL_CONVERSION = YES;
				CLANG_WARN_OBJC_IMPLICIT_RETAIN_SELF = YES;
				CLANG_WARN_OBJC_LITERAL_CONVERSION = YES;
				CLANG_WARN_OBJC_ROOT_CLASS = YES_ERROR;
				CLANG_WARN_QUOTED_INCLUDE_IN_FRAMEWORK_HEADER = YES;
				CLANG_WARN_RANGE_LOOP_ANALYSIS = YES;
				CLANG_WARN_STRICT_PROTOTYPES = YES;
				CLANG_WARN_SUSPICIOUS_MOVE = YES;
				CLANG_WARN_UNGUARDED_AVAILABILITY = YES_AGGRESSIVE;
				CLANG_WARN_UNREACHABLE_CODE = YES;
				CLANG_WARN__DUPLICATE_METHOD_MATCH = YES;
				COPY_PHASE_STRIP = NO;
				DEBUG_INFORMATION_FORMAT = "dwarf-with-dsym";
				ENABLE_NS_ASSERTIONS = NO;
				ENABLE_STRICT_OBJC_MSGSEND = YES;
				ENABLE_USER_SCRIPT_SANDBOXING = YES;
				GCC_C_LANGUAGE_STANDARD = gnu17;
				GCC_NO_COMMON_BLOCKS = YES;
				GCC_WARN_64_TO_32_BIT_CONVERSION = YES;
				GCC_WARN_ABOUT_RETURN_TYPE = YES_ERROR;
				GCC_WARN_UNDECLARED_SELECTOR = YES;
				GCC_WARN_UNINITIALIZED_AUTOS = YES_AGGRESSIVE;
				GCC_WARN_UNUSED_FUNCTION = YES;
				GCC_WARN_UNUSED_VARIABLE = YES;
				IPHONEOS_DEPLOYMENT_TARGET = 17.5;
				LOCALIZATION_PREFERS_STRING_CATALOGS = YES;
				MTL_ENABLE_DEBUG_INFO = NO;
				MTL_FAST_MATH = YES;
				SDKROOT = iphoneos;
				SWIFT_COMPILATION_MODE = wholemodule;
				VALIDATE_PRODUCT = YES;
			};
			name = Release;
		};
		17BF0BC02C9DE4F900961424 /* Debug */ = {
			isa = XCBuildConfiguration;
			buildSettings = {
				ASSETCATALOG_COMPILER_APPICON_NAME = AppIcon;
				ASSETCATALOG_COMPILER_GLOBAL_ACCENT_COLOR_NAME = AccentColor;
				CODE_SIGN_STYLE = Automatic;
				CURRENT_PROJECT_VERSION = 1;
				DEVELOPMENT_ASSET_PATHS = "\"Planets/Preview Content\"";
				DEVELOPMENT_TEAM = 6Z4BLH3CRA;
				ENABLE_PREVIEWS = YES;
				GENERATE_INFOPLIST_FILE = YES;
				INFOPLIST_FILE = Planets/Info.plist;
				INFOPLIST_KEY_UIApplicationSceneManifest_Generation = YES;
				INFOPLIST_KEY_UIApplicationSupportsIndirectInputEvents = YES;
				INFOPLIST_KEY_UILaunchScreen_Generation = YES;
				INFOPLIST_KEY_UISupportedInterfaceOrientations_iPad = "UIInterfaceOrientationPortrait UIInterfaceOrientationPortraitUpsideDown UIInterfaceOrientationLandscapeLeft UIInterfaceOrientationLandscapeRight";
				INFOPLIST_KEY_UISupportedInterfaceOrientations_iPhone = "UIInterfaceOrientationPortrait UIInterfaceOrientationLandscapeLeft UIInterfaceOrientationLandscapeRight";
				LD_RUNPATH_SEARCH_PATHS = (
					"$(inherited)",
					"@executable_path/Frameworks",
				);
				MARKETING_VERSION = 1.0;
				PRODUCT_BUNDLE_IDENTIFIER = gabrielthomaz.Planets;
				PRODUCT_NAME = "$(TARGET_NAME)";
				SWIFT_EMIT_LOC_STRINGS = YES;
				SWIFT_VERSION = 5.0;
				TARGETED_DEVICE_FAMILY = "1,2";
			};
			name = Debug;
		};
		17BF0BC12C9DE4F900961424 /* Release */ = {
			isa = XCBuildConfiguration;
			buildSettings = {
				ASSETCATALOG_COMPILER_APPICON_NAME = AppIcon;
				ASSETCATALOG_COMPILER_GLOBAL_ACCENT_COLOR_NAME = AccentColor;
				CODE_SIGN_STYLE = Automatic;
				CURRENT_PROJECT_VERSION = 1;
				DEVELOPMENT_ASSET_PATHS = "\"Planets/Preview Content\"";
				DEVELOPMENT_TEAM = 6Z4BLH3CRA;
				ENABLE_PREVIEWS = YES;
				GENERATE_INFOPLIST_FILE = YES;
				INFOPLIST_FILE = Planets/Info.plist;
				INFOPLIST_KEY_UIApplicationSceneManifest_Generation = YES;
				INFOPLIST_KEY_UIApplicationSupportsIndirectInputEvents = YES;
				INFOPLIST_KEY_UILaunchScreen_Generation = YES;
				INFOPLIST_KEY_UISupportedInterfaceOrientations_iPad = "UIInterfaceOrientationPortrait UIInterfaceOrientationPortraitUpsideDown UIInterfaceOrientationLandscapeLeft UIInterfaceOrientationLandscapeRight";
				INFOPLIST_KEY_UISupportedInterfaceOrientations_iPhone = "UIInterfaceOrientationPortrait UIInterfaceOrientationLandscapeLeft UIInterfaceOrientationLandscapeRight";
				LD_RUNPATH_SEARCH_PATHS = (
					"$(inherited)",
					"@executable_path/Frameworks",
				);
				MARKETING_VERSION = 1.0;
				PRODUCT_BUNDLE_IDENTIFIER = gabrielthomaz.Planets;
				PRODUCT_NAME = "$(TARGET_NAME)";
				SWIFT_EMIT_LOC_STRINGS = YES;
				SWIFT_VERSION = 5.0;
				TARGETED_DEVICE_FAMILY = "1,2";
			};
			name = Release;
		};
/* End XCBuildConfiguration section */

/* Begin XCConfigurationList section */
		17BF0BAC2C9DE4F700961424 /* Build configuration list for PBXProject "Planets" */ = {
			isa = XCConfigurationList;
			buildConfigurations = (
				17BF0BBD2C9DE4F900961424 /* Debug */,
				17BF0BBE2C9DE4F900961424 /* Release */,
			);
			defaultConfigurationIsVisible = 0;
			defaultConfigurationName = Release;
		};
		17BF0BBF2C9DE4F900961424 /* Build configuration list for PBXNativeTarget "Planets" */ = {
			isa = XCConfigurationList;
			buildConfigurations = (
				17BF0BC02C9DE4F900961424 /* Debug */,
				17BF0BC12C9DE4F900961424 /* Release */,
			);
			defaultConfigurationIsVisible = 0;
			defaultConfigurationName = Release;
		};
/* End XCConfigurationList section */

/* Begin XCRemoteSwiftPackageReference section */
		1750D0D52CB069E300FD2810 /* XCRemoteSwiftPackageReference "generative-ai-swift" */ = {
			isa = XCRemoteSwiftPackageReference;
			repositoryURL = "https://github.com/google/generative-ai-swift";
			requirement = {
				kind = upToNextMajorVersion;
				minimumVersion = 0.5.6;
			};
		};
/* End XCRemoteSwiftPackageReference section */

/* Begin XCSwiftPackageProductDependency section */
		1750D0D62CB069E300FD2810 /* GoogleGenerativeAI */ = {
			isa = XCSwiftPackageProductDependency;
			package = 1750D0D52CB069E300FD2810 /* XCRemoteSwiftPackageReference "generative-ai-swift" */;
			productName = GoogleGenerativeAI;
		};
/* End XCSwiftPackageProductDependency section */
	};
	rootObject = 17BF0BA92C9DE4F700961424 /* Project object */;
}
